github.com/jsalinlee/dog v0.0.0-20230510183540-c78e4d417ce1 h1:+2g3npLexWq8Rb/KNTzAruvUNH3abQYmAELb1hx5JIA=
github.com/jsalinlee/dog v0.0.0-20230510183540-c78e4d417ce1/go.mod h1:me0WHRv1shW8rQh1BJJAjYL6vKCCo6TfFPjIMuH2uzg=
github.com/jsalinlee/puppy v0.0.0-20230510183754-99e7d320ac7e h1:GTNRkbAGoLUoh9tOMZAtUBN2BF8kQVsVSwgYAAVNbC8=
github.com/jsalinlee/puppy v0.0.0-20230510183754-99e7d320ac7e/go.mod h1:3kjWxCy+GjWcYDTIMsoG6E6otl8qllr8/P8KEYeU7/k=
github.com/jsalinlee/puppy v1.2.0 h1:iO/XvIZ9Z5x386sCJgwkDPFS2KZq2q2Zw/3wPHViDko=
github.com/jsalinlee/puppy v1.2.0/go.mod h1:3kjWxCy+GjWcYDTIMsoG6E6otl8qllr8/P8KEYeU7/k=
github.com/jsalinlee/puppy v1.3.0 h1:ro3+GIzUePVkIvIzOpvmVCOvQKgYzQfGV42b9N1LSLk=
github.com/jsalinlee/puppy v1.3.0/go.mod h1:3kjWxCy+GjWcYDTIMsoG6E6otl8qllr8/P8KEYeU7/k=
github.com/jsalinlee/puppy v1.3.1 h1:KoJ8HBv2duicRe3fiALLv7rEhUI4paig4xJ1aMaiPxA=
github.com/jsalinlee/puppy v1.3.1/go.mod h1:3kjWxCy+GjWcYDTIMsoG6E6otl8qllr8/P8KEYeU7/k=
