github.com/jsalinlee/dog v0.0.0-20230510183540-c78e4d417ce1 h1:+2g3npLexWq8Rb/KNTzAruvUNH3abQYmAELb1hx5JIA=
github.com/jsalinlee/dog v0.0.0-20230510183540-c78e4d417ce1/go.mod h1:me0WHRv1shW8rQh1BJJAjYL6vKCCo6TfFPjIMuH2uzg=
github.com/jsalinlee/puppy v0.0.0-20230510182600-b60b4e51d603 h1:18MkCoOWLO6qXZNaCPQQSUB+kHaueQoy/5kJAKwI9WE=
github.com/jsalinlee/puppy v0.0.0-20230510182600-b60b4e51d603/go.mod h1:CYAtRoU0wOmnDfF9HYwnNjgjn9P4LbbLgzoE/Lc/Pko=
github.com/jsalinlee/puppy v0.0.0-20230510183754-99e7d320ac7e h1:GTNRkbAGoLUoh9tOMZAtUBN2BF8kQVsVSwgYAAVNbC8=
github.com/jsalinlee/puppy v0.0.0-20230510183754-99e7d320ac7e/go.mod h1:3kjWxCy+GjWcYDTIMsoG6E6otl8qllr8/P8KEYeU7/k=
